// !$*UTF8*$!
{
	archiveVersion = 1;
	classes = {
	};
	objectVersion = 56;
	objects = {

/* Begin PBXBuildFile section */
		152633DF2B6B43D000CED183 /* CICOWYTest4App.swift in Sources */ = {isa = PBXBuildFile; fileRef = 152633DE2B6B43D000CED183 /* CICOWYTest4App.swift */; };
		152633E12B6B43D000CED183 /* ContentView.swift in Sources */ = {isa = PBXBuildFile; fileRef = 152633E02B6B43D000CED183 /* ContentView.swift */; };
		152633E32B6B43D100CED183 /* Assets.xcassets in Resources */ = {isa = PBXBuildFile; fileRef = 152633E22B6B43D100CED183 /* Assets.xcassets */; };
		152633E72B6B43D100CED183 /* Preview Assets.xcassets in Resources */ = {isa = PBXBuildFile; fileRef = 152633E62B6B43D100CED183 /* Preview Assets.xcassets */; };
		152633F12B6B43D100CED183 /* CICOWYTest4Tests.swift in Sources */ = {isa = PBXBuildFile; fileRef = 152633F02B6B43D100CED183 /* CICOWYTest4Tests.swift */; };
		152633FB2B6B43D100CED183 /* CICOWYTest4UITests.swift in Sources */ = {isa = PBXBuildFile; fileRef = 152633FA2B6B43D100CED183 /* CICOWYTest4UITests.swift */; };
		152633FD2B6B43D100CED183 /* CICOWYTest4UITestsLaunchTests.swift in Sources */ = {isa = PBXBuildFile; fileRef = 152633FC2B6B43D100CED183 /* CICOWYTest4UITestsLaunchTests.swift */; };
/* End PBXBuildFile section */

/* Begin PBXContainerItemProxy section */
		152633ED2B6B43D100CED183 /* PBXContainerItemProxy */ = {
			isa = PBXContainerItemProxy;
			containerPortal = 152633D32B6B43D000CED183 /* Project object */;
			proxyType = 1;
			remoteGlobalIDString = 152633DA2B6B43D000CED183;
			remoteInfo = CICOWYTest4;
		};
		152633F72B6B43D100CED183 /* PBXContainerItemProxy */ = {
			isa = PBXContainerItemProxy;
			containerPortal = 152633D32B6B43D000CED183 /* Project object */;
			proxyType = 1;
			remoteGlobalIDString = 152633DA2B6B43D000CED183;
			remoteInfo = CICOWYTest4;
		};
/* End PBXContainerItemProxy section */

/* Begin PBXFileReference section */
		152633DB2B6B43D000CED183 /* CICOWYTest4.app */ = {isa = PBXFileReference; explicitFileType = wrapper.application; includeInIndex = 0; path = CICOWYTest4.app; sourceTree = BUILT_PRODUCTS_DIR; };
		152633DE2B6B43D000CED183 /* CICOWYTest4App.swift */ = {isa = PBXFileReference; lastKnownFileType = sourcecode.swift; path = CICOWYTest4App.swift; sourceTree = "<group>"; };
		152633E02B6B43D000CED183 /* ContentView.swift */ = {isa = PBXFileReference; lastKnownFileType = sourcecode.swift; path = ContentView.swift; sourceTree = "<group>"; };
		152633E22B6B43D100CED183 /* Assets.xcassets */ = {isa = PBXFileReference; lastKnownFileType = folder.assetcatalog; path = Assets.xcassets; sourceTree = "<group>"; };
		152633E42B6B43D100CED183 /* CICOWYTest4.entitlements */ = {isa = PBXFileReference; lastKnownFileType = text.plist.entitlements; path = CICOWYTest4.entitlements; sourceTree = "<group>"; };
		152633E62B6B43D100CED183 /* Preview Assets.xcassets */ = {isa = PBXFileReference; lastKnownFileType = folder.assetcatalog; path = "Preview Assets.xcassets"; sourceTree = "<group>"; };
		152633EC2B6B43D100CED183 /* CICOWYTest4Tests.xctest */ = {isa = PBXFileReference; explicitFileType = wrapper.cfbundle; includeInIndex = 0; path = CICOWYTest4Tests.xctest; sourceTree = BUILT_PRODUCTS_DIR; };
		152633F02B6B43D100CED183 /* CICOWYTest4Tests.swift */ = {isa = PBXFileReference; lastKnownFileType = sourcecode.swift; path = CICOWYTest4Tests.swift; sourceTree = "<group>"; };
		152633F62B6B43D100CED183 /* CICOWYTest4UITests.xctest */ = {isa = PBXFileReference; explicitFileType = wrapper.cfbundle; includeInIndex = 0; path = CICOWYTest4UITests.xctest; sourceTree = BUILT_PRODUCTS_DIR; };
		152633FA2B6B43D100CED183 /* CICOWYTest4UITests.swift */ = {isa = PBXFileReference; lastKnownFileType = sourcecode.swift; path = CICOWYTest4UITests.swift; sourceTree = "<group>"; };
		152633FC2B6B43D100CED183 /* CICOWYTest4UITestsLaunchTests.swift */ = {isa = PBXFileReference; lastKnownFileType = sourcecode.swift; path = CICOWYTest4UITestsLaunchTests.swift; sourceTree = "<group>"; };
/* End PBXFileReference section */

/* Begin PBXFrameworksBuildPhase section */
		152633D82B6B43D000CED183 /* Frameworks */ = {
			isa = PBXFrameworksBuildPhase;
			buildActionMask = 2147483647;
			files = (
			);
			runOnlyForDeploymentPostprocessing = 0;
		};
		152633E92B6B43D100CED183 /* Frameworks */ = {
			isa = PBXFrameworksBuildPhase;
			buildActionMask = 2147483647;
			files = (
			);
			runOnlyForDeploymentPostprocessing = 0;
		};
		152633F32B6B43D100CED183 /* Frameworks */ = {
			isa = PBXFrameworksBuildPhase;
			buildActionMask = 2147483647;
			files = (
			);
			runOnlyForDeploymentPostprocessing = 0;
		};
/* End PBXFrameworksBuildPhase section */

/* Begin PBXGroup section */
		152633D22B6B43D000CED183 = {
			isa = PBXGroup;
			children = (
				152633DD2B6B43D000CED183 /* CICOWYTest4 */,
				152633EF2B6B43D100CED183 /* CICOWYTest4Tests */,
				152633F92B6B43D100CED183 /* CICOWYTest4UITests */,
				152633DC2B6B43D000CED183 /* Products */,
			);
			sourceTree = "<group>";
		};
		152633DC2B6B43D000CED183 /* Products */ = {
			isa = PBXGroup;
			children = (
				152633DB2B6B43D000CED183 /* CICOWYTest4.app */,
				152633EC2B6B43D100CED183 /* CICOWYTest4Tests.xctest */,
				152633F62B6B43D100CED183 /* CICOWYTest4UITests.xctest */,
			);
			name = Products;
			sourceTree = "<group>";
		};
		152633DD2B6B43D000CED183 /* CICOWYTest4 */ = {
			isa = PBXGroup;
			children = (
				152633DE2B6B43D000CED183 /* CICOWYTest4App.swift */,
				152633E02B6B43D000CED183 /* ContentView.swift */,
				152633E22B6B43D100CED183 /* Assets.xcassets */,
				152633E42B6B43D100CED183 /* CICOWYTest4.entitlements */,
				152633E52B6B43D100CED183 /* Preview Content */,
			);
			path = CICOWYTest4;
			sourceTree = "<group>";
		};
		152633E52B6B43D100CED183 /* Preview Content */ = {
			isa = PBXGroup;
			children = (
				152633E62B6B43D100CED183 /* Preview Assets.xcassets */,
			);
			path = "Preview Content";
			sourceTree = "<group>";
		};
		152633EF2B6B43D100CED183 /* CICOWYTest4Tests */ = {
			isa = PBXGroup;
			children = (
				152633F02B6B43D100CED183 /* CICOWYTest4Tests.swift */,
			);
			path = CICOWYTest4Tests;
			sourceTree = "<group>";
		};
		152633F92B6B43D100CED183 /* CICOWYTest4UITests */ = {
			isa = PBXGroup;
			children = (
				152633FA2B6B43D100CED183 /* CICOWYTest4UITests.swift */,
				152633FC2B6B43D100CED183 /* CICOWYTest4UITestsLaunchTests.swift */,
			);
			path = CICOWYTest4UITests;
			sourceTree = "<group>";
		};
/* End PBXGroup section */

/* Begin PBXNativeTarget section */
		152633DA2B6B43D000CED183 /* CICOWYTest4 */ = {
			isa = PBXNativeTarget;
			buildConfigurationList = 152634002B6B43D100CED183 /* Build configuration list for PBXNativeTarget "CICOWYTest4" */;
			buildPhases = (
				152633D72B6B43D000CED183 /* Sources */,
				152633D82B6B43D000CED183 /* Frameworks */,
				152633D92B6B43D000CED183 /* Resources */,
			);
			buildRules = (
			);
			dependencies = (
			);
			name = CICOWYTest4;
			productName = CICOWYTest4;
			productReference = 152633DB2B6B43D000CED183 /* CICOWYTest4.app */;
			productType = "com.apple.product-type.application";
		};
		152633EB2B6B43D100CED183 /* CICOWYTest4Tests */ = {
			isa = PBXNativeTarget;
			buildConfigurationList = 152634032B6B43D100CED183 /* Build configuration list for PBXNativeTarget "CICOWYTest4Tests" */;
			buildPhases = (
				152633E82B6B43D100CED183 /* Sources */,
				152633E92B6B43D100CED183 /* Frameworks */,
				152633EA2B6B43D100CED183 /* Resources */,
			);
			buildRules = (
			);
			dependencies = (
				152633EE2B6B43D100CED183 /* PBXTargetDependency */,
			);
			name = CICOWYTest4Tests;
			productName = CICOWYTest4Tests;
			productReference = 152633EC2B6B43D100CED183 /* CICOWYTest4Tests.xctest */;
			productType = "com.apple.product-type.bundle.unit-test";
		};
		152633F52B6B43D100CED183 /* CICOWYTest4UITests */ = {
			isa = PBXNativeTarget;
			buildConfigurationList = 152634062B6B43D100CED183 /* Build configuration list for PBXNativeTarget "CICOWYTest4UITests" */;
			buildPhases = (
				152633F22B6B43D100CED183 /* Sources */,
				152633F32B6B43D100CED183 /* Frameworks */,
				152633F42B6B43D100CED183 /* Resources */,
			);
			buildRules = (
			);
			dependencies = (
				152633F82B6B43D100CED183 /* PBXTargetDependency */,
			);
			name = CICOWYTest4UITests;
			productName = CICOWYTest4UITests;
			productReference = 152633F62B6B43D100CED183 /* CICOWYTest4UITests.xctest */;
			productType = "com.apple.product-type.bundle.ui-testing";
		};
/* End PBXNativeTarget section */

/* Begin PBXProject section */
		152633D32B6B43D000CED183 /* Project object */ = {
			isa = PBXProject;
			attributes = {
				BuildIndependentTargetsInParallel = 1;
				LastSwiftUpdateCheck = 1500;
				LastUpgradeCheck = 1500;
				TargetAttributes = {
					152633DA2B6B43D000CED183 = {
						CreatedOnToolsVersion = 15.0.1;
					};
					152633EB2B6B43D100CED183 = {
						CreatedOnToolsVersion = 15.0.1;
						TestTargetID = 152633DA2B6B43D000CED183;
					};
					152633F52B6B43D100CED183 = {
						CreatedOnToolsVersion = 15.0.1;
						TestTargetID = 152633DA2B6B43D000CED183;
					};
				};
			};
			buildConfigurationList = 152633D62B6B43D000CED183 /* Build configuration list for PBXProject "CICOWYTest4" */;
			compatibilityVersion = "Xcode 14.0";
			developmentRegion = en;
			hasScannedForEncodings = 0;
			knownRegions = (
				en,
				Base,
			);
			mainGroup = 152633D22B6B43D000CED183;
			productRefGroup = 152633DC2B6B43D000CED183 /* Products */;
			projectDirPath = "";
			projectRoot = "";
			targets = (
				152633DA2B6B43D000CED183 /* CICOWYTest4 */,
				152633EB2B6B43D100CED183 /* CICOWYTest4Tests */,
				152633F52B6B43D100CED183 /* CICOWYTest4UITests */,
			);
		};
/* End PBXProject section */

/* Begin PBXResourcesBuildPhase section */
		152633D92B6B43D000CED183 /* Resources */ = {
			isa = PBXResourcesBuildPhase;
			buildActionMask = 2147483647;
			files = (
				152633E72B6B43D100CED183 /* Preview Assets.xcassets in Resources */,
				152633E32B6B43D100CED183 /* Assets.xcassets in Resources */,
			);
			runOnlyForDeploymentPostprocessing = 0;
		};
		152633EA2B6B43D100CED183 /* Resources */ = {
			isa = PBXResourcesBuildPhase;
			buildActionMask = 2147483647;
			files = (
			);
			runOnlyForDeploymentPostprocessing = 0;
		};
		152633F42B6B43D100CED183 /* Resources */ = {
			isa = PBXResourcesBuildPhase;
			buildActionMask = 2147483647;
			files = (
			);
			runOnlyForDeploymentPostprocessing = 0;
		};
/* End PBXResourcesBuildPhase section */

/* Begin PBXSourcesBuildPhase section */
		152633D72B6B43D000CED183 /* Sources */ = {
			isa = PBXSourcesBuildPhase;
			buildActionMask = 2147483647;
			files = (
				152633E12B6B43D000CED183 /* ContentView.swift in Sources */,
				152633DF2B6B43D000CED183 /* CICOWYTest4App.swift in Sources */,
			);
			runOnlyForDeploymentPostprocessing = 0;
		};
		152633E82B6B43D100CED183 /* Sources */ = {
			isa = PBXSourcesBuildPhase;
			buildActionMask = 2147483647;
			files = (
				152633F12B6B43D100CED183 /* CICOWYTest4Tests.swift in Sources */,
			);
			runOnlyForDeploymentPostprocessing = 0;
		};
		152633F22B6B43D100CED183 /* Sources */ = {
			isa = PBXSourcesBuildPhase;
			buildActionMask = 2147483647;
			files = (
				152633FB2B6B43D100CED183 /* CICOWYTest4UITests.swift in Sources */,
				152633FD2B6B43D100CED183 /* CICOWYTest4UITestsLaunchTests.swift in Sources */,
			);
			runOnlyForDeploymentPostprocessing = 0;
		};
/* End PBXSourcesBuildPhase section */

/* Begin PBXTargetDependency section */
		152633EE2B6B43D100CED183 /* PBXTargetDependency */ = {
			isa = PBXTargetDependency;
			target = 152633DA2B6B43D000CED183 /* CICOWYTest4 */;
			targetProxy = 152633ED2B6B43D100CED183 /* PBXContainerItemProxy */;
		};
		152633F82B6B43D100CED183 /* PBXTargetDependency */ = {
			isa = PBXTargetDependency;
			target = 152633DA2B6B43D000CED183 /* CICOWYTest4 */;
			targetProxy = 152633F72B6B43D100CED183 /* PBXContainerItemProxy */;
		};
/* End PBXTargetDependency section */

/* Begin XCBuildConfiguration section */
		152633FE2B6B43D100CED183 /* Debug */ = {
			isa = XCBuildConfiguration;
			buildSettings = {
				ALWAYS_SEARCH_USER_PATHS = NO;
				ASSETCATALOG_COMPILER_GENERATE_SWIFT_ASSET_SYMBOL_EXTENSIONS = YES;
				CLANG_ANALYZER_NONNULL = YES;
				CLANG_ANALYZER_NUMBER_OBJECT_CONVERSION = YES_AGGRESSIVE;
				CLANG_CXX_LANGUAGE_STANDARD = "gnu++20";
				CLANG_ENABLE_MODULES = YES;
				CLANG_ENABLE_OBJC_ARC = YES;
				CLANG_ENABLE_OBJC_WEAK = YES;
				CLANG_WARN_BLOCK_CAPTURE_AUTORELEASING = YES;
				CLANG_WARN_BOOL_CONVERSION = YES;
				CLANG_WARN_COMMA = YES;
				CLANG_WARN_CONSTANT_CONVERSION = YES;
				CLANG_WARN_DEPRECATED_OBJC_IMPLEMENTATIONS = YES;
				CLANG_WARN_DIRECT_OBJC_ISA_USAGE = YES_ERROR;
				CLANG_WARN_DOCUMENTATION_COMMENTS = YES;
				CLANG_WARN_EMPTY_BODY = YES;
				CLANG_WARN_ENUM_CONVERSION = YES;
				CLANG_WARN_INFINITE_RECURSION = YES;
				CLANG_WARN_INT_CONVERSION = YES;
				CLANG_WARN_NON_LITERAL_NULL_CONVERSION = YES;
				CLANG_WARN_OBJC_IMPLICIT_RETAIN_SELF = YES;
				CLANG_WARN_OBJC_LITERAL_CONVERSION = YES;
				CLANG_WARN_OBJC_ROOT_CLASS = YES_ERROR;
				CLANG_WARN_QUOTED_INCLUDE_IN_FRAMEWORK_HEADER = YES;
				CLANG_WARN_RANGE_LOOP_ANALYSIS = YES;
				CLANG_WARN_STRICT_PROTOTYPES = YES;
				CLANG_WARN_SUSPICIOUS_MOVE = YES;
				CLANG_WARN_UNGUARDED_AVAILABILITY = YES_AGGRESSIVE;
				CLANG_WARN_UNREACHABLE_CODE = YES;
				CLANG_WARN__DUPLICATE_METHOD_MATCH = YES;
				COPY_PHASE_STRIP = NO;
				DEBUG_INFORMATION_FORMAT = dwarf;
				ENABLE_STRICT_OBJC_MSGSEND = YES;
				ENABLE_TESTABILITY = YES;
				ENABLE_USER_SCRIPT_SANDBOXING = YES;
				GCC_C_LANGUAGE_STANDARD = gnu17;
				GCC_DYNAMIC_NO_PIC = NO;
				GCC_NO_COMMON_BLOCKS = YES;
				GCC_OPTIMIZATION_LEVEL = 0;
				GCC_PREPROCESSOR_DEFINITIONS = (
					"DEBUG=1",
					"$(inherited)",
				);
				GCC_WARN_64_TO_32_BIT_CONVERSION = YES;
				GCC_WARN_ABOUT_RETURN_TYPE = YES_ERROR;
				GCC_WARN_UNDECLARED_SELECTOR = YES;
				GCC_WARN_UNINITIALIZED_AUTOS = YES_AGGRESSIVE;
				GCC_WARN_UNUSED_FUNCTION = YES;
				GCC_WARN_UNUSED_VARIABLE = YES;
				LOCALIZATION_PREFERS_STRING_CATALOGS = YES;
				MTL_ENABLE_DEBUG_INFO = INCLUDE_SOURCE;
				MTL_FAST_MATH = YES;
				ONLY_ACTIVE_ARCH = YES;
				SWIFT_ACTIVE_COMPILATION_CONDITIONS = "DEBUG $(inherited)";
				SWIFT_OPTIMIZATION_LEVEL = "-Onone";
			};
			name = Debug;
		};
		152633FF2B6B43D100CED183 /* Release */ = {
			isa = XCBuildConfiguration;
			buildSettings = {
				ALWAYS_SEARCH_USER_PATHS = NO;
				ASSETCATALOG_COMPILER_GENERATE_SWIFT_ASSET_SYMBOL_EXTENSIONS = YES;
				CLANG_ANALYZER_NONNULL = YES;
				CLANG_ANALYZER_NUMBER_OBJECT_CONVERSION = YES_AGGRESSIVE;
				CLANG_CXX_LANGUAGE_STANDARD = "gnu++20";
				CLANG_ENABLE_MODULES = YES;
				CLANG_ENABLE_OBJC_ARC = YES;
				CLANG_ENABLE_OBJC_WEAK = YES;
				CLANG_WARN_BLOCK_CAPTURE_AUTORELEASING = YES;
				CLANG_WARN_BOOL_CONVERSION = YES;
				CLANG_WARN_COMMA = YES;
				CLANG_WARN_CONSTANT_CONVERSION = YES;
				CLANG_WARN_DEPRECATED_OBJC_IMPLEMENTATIONS = YES;
				CLANG_WARN_DIRECT_OBJC_ISA_USAGE = YES_ERROR;
				CLANG_WARN_DOCUMENTATION_COMMENTS = YES;
				CLANG_WARN_EMPTY_BODY = YES;
				CLANG_WARN_ENUM_CONVERSION = YES;
				CLANG_WARN_INFINITE_RECURSION = YES;
				CLANG_WARN_INT_CONVERSION = YES;
				CLANG_WARN_NON_LITERAL_NULL_CONVERSION = YES;
				CLANG_WARN_OBJC_IMPLICIT_RETAIN_SELF = YES;
				CLANG_WARN_OBJC_LITERAL_CONVERSION = YES;
				CLANG_WARN_OBJC_ROOT_CLASS = YES_ERROR;
				CLANG_WARN_QUOTED_INCLUDE_IN_FRAMEWORK_HEADER = YES;
				CLANG_WARN_RANGE_LOOP_ANALYSIS = YES;
				CLANG_WARN_STRICT_PROTOTYPES = YES;
				CLANG_WARN_SUSPICIOUS_MOVE = YES;
				CLANG_WARN_UNGUARDED_AVAILABILITY = YES_AGGRESSIVE;
				CLANG_WARN_UNREACHABLE_CODE = YES;
				CLANG_WARN__DUPLICATE_METHOD_MATCH = YES;
				COPY_PHASE_STRIP = NO;
				DEBUG_INFORMATION_FORMAT = "dwarf-with-dsym";
				ENABLE_NS_ASSERTIONS = NO;
				ENABLE_STRICT_OBJC_MSGSEND = YES;
				ENABLE_USER_SCRIPT_SANDBOXING = YES;
				GCC_C_LANGUAGE_STANDARD = gnu17;
				GCC_NO_COMMON_BLOCKS = YES;
				GCC_WARN_64_TO_32_BIT_CONVERSION = YES;
				GCC_WARN_ABOUT_RETURN_TYPE = YES_ERROR;
				GCC_WARN_UNDECLARED_SELECTOR = YES;
				GCC_WARN_UNINITIALIZED_AUTOS = YES_AGGRESSIVE;
				GCC_WARN_UNUSED_FUNCTION = YES;
				GCC_WARN_UNUSED_VARIABLE = YES;
				LOCALIZATION_PREFERS_STRING_CATALOGS = YES;
				MTL_ENABLE_DEBUG_INFO = NO;
				MTL_FAST_MATH = YES;
				SWIFT_COMPILATION_MODE = wholemodule;
			};
			name = Release;
		};
		152634012B6B43D100CED183 /* Debug */ = {
			isa = XCBuildConfiguration;
			buildSettings = {
				ASSETCATALOG_COMPILER_APPICON_NAME = AppIcon;
				ASSETCATALOG_COMPILER_GLOBAL_ACCENT_COLOR_NAME = AccentColor;
				CODE_SIGN_ENTITLEMENTS = CICOWYTest4/CICOWYTest4.entitlements;
				CODE_SIGN_IDENTITY = "Apple Development";
				"CODE_SIGN_IDENTITY[sdk=iphoneos*]" = "iPhone Developer";
				CODE_SIGN_STYLE = Manual;
				CURRENT_PROJECT_VERSION = 1;
				DEVELOPMENT_ASSET_PATHS = "\"CICOWYTest4/Preview Content\"";
				DEVELOPMENT_TEAM = "";
				"DEVELOPMENT_TEAM[sdk=iphoneos*]" = 64KDUQCYEB;
				"DEVELOPMENT_TEAM[sdk=macosx*]" = 64KDUQCYEB;
				ENABLE_HARDENED_RUNTIME = YES;
				ENABLE_PREVIEWS = YES;
				GENERATE_INFOPLIST_FILE = YES;
				"INFOPLIST_KEY_UIApplicationSceneManifest_Generation[sdk=iphoneos*]" = YES;
				"INFOPLIST_KEY_UIApplicationSceneManifest_Generation[sdk=iphonesimulator*]" = YES;
				"INFOPLIST_KEY_UIApplicationSupportsIndirectInputEvents[sdk=iphoneos*]" = YES;
				"INFOPLIST_KEY_UIApplicationSupportsIndirectInputEvents[sdk=iphonesimulator*]" = YES;
				"INFOPLIST_KEY_UILaunchScreen_Generation[sdk=iphoneos*]" = YES;
				"INFOPLIST_KEY_UILaunchScreen_Generation[sdk=iphonesimulator*]" = YES;
				"INFOPLIST_KEY_UIStatusBarStyle[sdk=iphoneos*]" = UIStatusBarStyleDefault;
				"INFOPLIST_KEY_UIStatusBarStyle[sdk=iphonesimulator*]" = UIStatusBarStyleDefault;
				INFOPLIST_KEY_UISupportedInterfaceOrientations_iPad = "UIInterfaceOrientationPortrait UIInterfaceOrientationPortraitUpsideDown UIInterfaceOrientationLandscapeLeft UIInterfaceOrientationLandscapeRight";
				INFOPLIST_KEY_UISupportedInterfaceOrientations_iPhone = "UIInterfaceOrientationPortrait UIInterfaceOrientationLandscapeLeft UIInterfaceOrientationLandscapeRight";
				IPHONEOS_DEPLOYMENT_TARGET = 17.0;
				LD_RUNPATH_SEARCH_PATHS = "@executable_path/Frameworks";
				"LD_RUNPATH_SEARCH_PATHS[sdk=macosx*]" = "@executable_path/../Frameworks";
				MACOSX_DEPLOYMENT_TARGET = 13.5;
				MARKETING_VERSION = 1.0;
				PRODUCT_BUNDLE_IDENTIFIER = com.WangYong2.CICOWYTest4;
				PRODUCT_NAME = "$(TARGET_NAME)";
				PROVISIONING_PROFILE_SPECIFIER = "";
				"PROVISIONING_PROFILE_SPECIFIER[sdk=iphoneos*]" = CICOWYTest4;
				SDKROOT = auto;
				SUPPORTED_PLATFORMS = "iphoneos iphonesimulator macosx";
				SWIFT_EMIT_LOC_STRINGS = YES;
				SWIFT_VERSION = 5.0;
				TARGETED_DEVICE_FAMILY = "1,2";
			};
			name = Debug;
		};
		152634022B6B43D100CED183 /* Release */ = {
			isa = XCBuildConfiguration;
			buildSettings = {
				ASSETCATALOG_COMPILER_APPICON_NAME = AppIcon;
				ASSETCATALOG_COMPILER_GLOBAL_ACCENT_COLOR_NAME = AccentColor;
				CODE_SIGN_ENTITLEMENTS = CICOWYTest4/CICOWYTest4.entitlements;
				CODE_SIGN_IDENTITY = "Apple Development";
				"CODE_SIGN_IDENTITY[sdk=iphoneos*]" = "iPhone Developer";
				CODE_SIGN_STYLE = Manual;
				CURRENT_PROJECT_VERSION = 1;
				DEVELOPMENT_ASSET_PATHS = "\"CICOWYTest4/Preview Content\"";
				DEVELOPMENT_TEAM = "";
				"DEVELOPMENT_TEAM[sdk=iphoneos*]" = 64KDUQCYEB;
				"DEVELOPMENT_TEAM[sdk=macosx*]" = 64KDUQCYEB;
				ENABLE_HARDENED_RUNTIME = YES;
				ENABLE_PREVIEWS = YES;
				GENERATE_INFOPLIST_FILE = YES;
				"INFOPLIST_KEY_UIApplicationSceneManifest_Generation[sdk=iphoneos*]" = YES;
				"INFOPLIST_KEY_UIApplicationSceneManifest_Generation[sdk=iphonesimulator*]" = YES;
				"INFOPLIST_KEY_UIApplicationSupportsIndirectInputEvents[sdk=iphoneos*]" = YES;
				"INFOPLIST_KEY_UIApplicationSupportsIndirectInputEvents[sdk=iphonesimulator*]" = YES;
				"INFOPLIST_KEY_UILaunchScreen_Generation[sdk=iphoneos*]" = YES;
				"INFOPLIST_KEY_UILaunchScreen_Generation[sdk=iphonesimulator*]" = YES;
				"INFOPLIST_KEY_UIStatusBarStyle[sdk=iphoneos*]" = UIStatusBarStyleDefault;
				"INFOPLIST_KEY_UIStatusBarStyle[sdk=iphonesimulator*]" = UIStatusBarStyleDefault;
				INFOPLIST_KEY_UISupportedInterfaceOrientations_iPad = "UIInterfaceOrientationPortrait UIInterfaceOrientationPortraitUpsideDown UIInterfaceOrientationLandscapeLeft UIInterfaceOrientationLandscapeRight";
				INFOPLIST_KEY_UISupportedInterfaceOrientations_iPhone = "UIInterfaceOrientationPortrait UIInterfaceOrientationLandscapeLeft UIInterfaceOrientationLandscapeRight";
				IPHONEOS_DEPLOYMENT_TARGET = 17.0;
				LD_RUNPATH_SEARCH_PATHS = "@executable_path/Frameworks";
				"LD_RUNPATH_SEARCH_PATHS[sdk=macosx*]" = "@executable_path/../Frameworks";
				MACOSX_DEPLOYMENT_TARGET = 13.5;
				MARKETING_VERSION = 1.0;
				PRODUCT_BUNDLE_IDENTIFIER = com.WangYong2.CICOWYTest4;
				PRODUCT_NAME = "$(TARGET_NAME)";
				PROVISIONING_PROFILE_SPECIFIER = "";
				"PROVISIONING_PROFILE_SPECIFIER[sdk=iphoneos*]" = CICOWYTest4;
				SDKROOT = auto;
				SUPPORTED_PLATFORMS = "iphoneos iphonesimulator macosx";
				SWIFT_EMIT_LOC_STRINGS = YES;
				SWIFT_VERSION = 5.0;
				TARGETED_DEVICE_FAMILY = "1,2";
			};
			name = Release;
		};
		152634042B6B43D100CED183 /* Debug */ = {
			isa = XCBuildConfiguration;
			buildSettings = {
				ALWAYS_EMBED_SWIFT_STANDARD_LIBRARIES = YES;
				BUNDLE_LOADER = "$(TEST_HOST)";
				CODE_SIGN_STYLE = Automatic;
				CURRENT_PROJECT_VERSION = 1;
				DEVELOPMENT_TEAM = 64KDUQCYEB;
				GENERATE_INFOPLIST_FILE = YES;
				IPHONEOS_DEPLOYMENT_TARGET = 17.0;
				MACOSX_DEPLOYMENT_TARGET = 13.5;
				MARKETING_VERSION = 1.0;
				PRODUCT_BUNDLE_IDENTIFIER = com.WangYong2.CICOWYTest4Tests;
				PRODUCT_NAME = "$(TARGET_NAME)";
				SDKROOT = auto;
				SUPPORTED_PLATFORMS = "iphoneos iphonesimulator macosx";
				SWIFT_EMIT_LOC_STRINGS = NO;
				SWIFT_VERSION = 5.0;
				TARGETED_DEVICE_FAMILY = "1,2";
				TEST_HOST = "$(BUILT_PRODUCTS_DIR)/CICOWYTest4.app/$(BUNDLE_EXECUTABLE_FOLDER_PATH)/CICOWYTest4";
			};
			name = Debug;
		};
		152634052B6B43D100CED183 /* Release */ = {
			isa = XCBuildConfiguration;
			buildSettings = {
				ALWAYS_EMBED_SWIFT_STANDARD_LIBRARIES = YES;
				BUNDLE_LOADER = "$(TEST_HOST)";
				CODE_SIGN_STYLE = Automatic;
				CURRENT_PROJECT_VERSION = 1;
				DEVELOPMENT_TEAM = 64KDUQCYEB;
				GENERATE_INFOPLIST_FILE = YES;
				IPHONEOS_DEPLOYMENT_TARGET = 17.0;
				MACOSX_DEPLOYMENT_TARGET = 13.5;
				MARKETING_VERSION = 1.0;
				PRODUCT_BUNDLE_IDENTIFIER = com.WangYong2.CICOWYTest4Tests;
				PRODUCT_NAME = "$(TARGET_NAME)";
				SDKROOT = auto;
				SUPPORTED_PLATFORMS = "iphoneos iphonesimulator macosx";
				SWIFT_EMIT_LOC_STRINGS = NO;
				SWIFT_VERSION = 5.0;
				TARGETED_DEVICE_FAMILY = "1,2";
				TEST_HOST = "$(BUILT_PRODUCTS_DIR)/CICOWYTest4.app/$(BUNDLE_EXECUTABLE_FOLDER_PATH)/CICOWYTest4";
			};
			name = Release;
		};
		152634072B6B43D100CED183 /* Debug */ = {
			isa = XCBuildConfiguration;
			buildSettings = {
				ALWAYS_EMBED_SWIFT_STANDARD_LIBRARIES = YES;
				CODE_SIGN_STYLE = Automatic;
				CURRENT_PROJECT_VERSION = 1;
				DEVELOPMENT_TEAM = 64KDUQCYEB;
				GENERATE_INFOPLIST_FILE = YES;
				IPHONEOS_DEPLOYMENT_TARGET = 17.0;
				MACOSX_DEPLOYMENT_TARGET = 13.5;
				MARKETING_VERSION = 1.0;
				PRODUCT_BUNDLE_IDENTIFIER = com.WangYong2.CICOWYTest4UITests;
				PRODUCT_NAME = "$(TARGET_NAME)";
				SDKROOT = auto;
				SUPPORTED_PLATFORMS = "iphoneos iphonesimulator macosx";
				SWIFT_EMIT_LOC_STRINGS = NO;
				SWIFT_VERSION = 5.0;
				TARGETED_DEVICE_FAMILY = "1,2";
				TEST_TARGET_NAME = CICOWYTest4;
			};
			name = Debug;
		};
		152634082B6B43D100CED183 /* Release */ = {
			isa = XCBuildConfiguration;
			buildSettings = {
				ALWAYS_EMBED_SWIFT_STANDARD_LIBRARIES = YES;
				CODE_SIGN_STYLE = Automatic;
				CURRENT_PROJECT_VERSION = 1;
				DEVELOPMENT_TEAM = 64KDUQCYEB;
				GENERATE_INFOPLIST_FILE = YES;
				IPHONEOS_DEPLOYMENT_TARGET = 17.0;
				MACOSX_DEPLOYMENT_TARGET = 13.5;
				MARKETING_VERSION = 1.0;
				PRODUCT_BUNDLE_IDENTIFIER = com.WangYong2.CICOWYTest4UITests;
				PRODUCT_NAME = "$(TARGET_NAME)";
				SDKROOT = auto;
				SUPPORTED_PLATFORMS = "iphoneos iphonesimulator macosx";
				SWIFT_EMIT_LOC_STRINGS = NO;
				SWIFT_VERSION = 5.0;
				TARGETED_DEVICE_FAMILY = "1,2";
				TEST_TARGET_NAME = CICOWYTest4;
			};
			name = Release;
		};
/* End XCBuildConfiguration section */

/* Begin XCConfigurationList section */
		152633D62B6B43D000CED183 /* Build configuration list for PBXProject "CICOWYTest4" */ = {
			isa = XCConfigurationList;
			buildConfigurations = (
				152633FE2B6B43D100CED183 /* Debug */,
				152633FF2B6B43D100CED183 /* Release */,
			);
			defaultConfigurationIsVisible = 0;
			defaultConfigurationName = Release;
		};
		152634002B6B43D100CED183 /* Build configuration list for PBXNativeTarget "CICOWYTest4" */ = {
			isa = XCConfigurationList;
			buildConfigurations = (
				152634012B6B43D100CED183 /* Debug */,
				152634022B6B43D100CED183 /* Release */,
			);
			defaultConfigurationIsVisible = 0;
			defaultConfigurationName = Release;
		};
		152634032B6B43D100CED183 /* Build configuration list for PBXNativeTarget "CICOWYTest4Tests" */ = {
			isa = XCConfigurationList;
			buildConfigurations = (
				152634042B6B43D100CED183 /* Debug */,
				152634052B6B43D100CED183 /* Release */,
			);
			defaultConfigurationIsVisible = 0;
			defaultConfigurationName = Release;
		};
		152634062B6B43D100CED183 /* Build configuration list for PBXNativeTarget "CICOWYTest4UITests" */ = {
			isa = XCConfigurationList;
			buildConfigurations = (
				152634072B6B43D100CED183 /* Debug */,
				152634082B6B43D100CED183 /* Release */,
			);
			defaultConfigurationIsVisible = 0;
			defaultConfigurationName = Release;
		};
/* End XCConfigurationList section */
	};
	rootObject = 152633D32B6B43D000CED183 /* Project object */;
}
